# This file is automatically @generated by Poetry 1.5.4 and should not be changed by hand.

[[package]]
name = "segno"
version = "1.6.1"
description = "QR Code and Micro QR Code generator for Python"
optional = false
python-versions = ">=3.5"
files = [
    {file = "segno-1.6.1-py3-none-any.whl", hash = "sha256:e90c6ff82c633f757a96d4b1fb06cc932589b5237f33be653f52252544ac64df"},
    {file = "segno-1.6.1.tar.gz", hash = "sha256:f23da78b059251c36e210d0cf5bfb1a9ec1604ae6e9f3d42f9a7c16d306d847e"},
]

[metadata]
lock-version = "2.0"
python-versions = ">=3.10.0,<3.12"
content-hash = "d0803213428f2236d5b4c75c982461dc49a30d495cc0abd165cc80518f93038d"
